<?xml version="1.0" encoding="utf-8"?>
<Project ToolsVersion="4.0" xmlns="http://schemas.microsoft.com/developer/msbuild/2003">
  <ItemGroup>
    <Filter Include="Llama">
      <UniqueIdentifier>{6C2A9B0D-D83E-C3BE-A1C0-661E0D94BFEF}</UniqueIdentifier>
    </Filter>
    <Filter Include="Llama\Events">
      <UniqueIdentifier>{D0646395-BCC7-F239-654D-2BF0518FBEBC}</UniqueIdentifier>
    </Filter>
    <Filter Include="Llama\ImGui">
      <UniqueIdentifier>{96C06C90-0276-E585-8B6A-DF5CF71EDC89}</UniqueIdentifier>
    </Filter>
    <Filter Include="Platform">
      <UniqueIdentifier>{2AC788B4-1694-E3BF-3FAD-D1672BD9184E}</UniqueIdentifier>
    </Filter>
    <Filter Include="Platform\OpenGL">
      <UniqueIdentifier>{1E7D2C1D-8A08-9AE1-9319-1DD6FF23F6E1}</UniqueIdentifier>
    </Filter>
    <Filter Include="Platform\Windows">
      <UniqueIdentifier>{64FBD71A-50F4-F66C-7926-DCF1657ED678}</UniqueIdentifier>
    </Filter>
  </ItemGroup>
  <ItemGroup>
    <ClInclude Include="src\Llama.h" />
    <ClInclude Include="src\Llama\Application.h">
      <Filter>Llama</Filter>
    </ClInclude>
    <ClInclude Include="src\Llama\Core.h">
      <Filter>Llama</Filter>
    </ClInclude>
    <ClInclude Include="src\Llama\EntryPoint.h">
      <Filter>Llama</Filter>
    </ClInclude>
    <ClInclude Include="src\Llama\Events\ApplicationEvent.h">
      <Filter>Llama\Events</Filter>
    </ClInclude>
    <ClInclude Include="src\Llama\Events\Event.h">
      <Filter>Llama\Events</Filter>
    </ClInclude>
    <ClInclude Include="src\Llama\Events\KeyEvent.h">
      <Filter>Llama\Events</Filter>
    </ClInclude>
    <ClInclude Include="src\Llama\Events\MouseEvent.h">
      <Filter>Llama\Events</Filter>
    </ClInclude>
    <ClInclude Include="src\Llama\ImGui\ImGuiLayer.h">
      <Filter>Llama\ImGui</Filter>
    </ClInclude>
    <ClInclude Include="src\Llama\Input.h">
      <Filter>Llama</Filter>
    </ClInclude>
    <ClInclude Include="src\Llama\KeyCodes.h">
      <Filter>Llama</Filter>
    </ClInclude>
    <ClInclude Include="src\Llama\Layer.h">
      <Filter>Llama</Filter>
    </ClInclude>
    <ClInclude Include="src\Llama\LayerStack.h">
      <Filter>Llama</Filter>
    </ClInclude>
    <ClInclude Include="src\Llama\Log.h">
      <Filter>Llama</Filter>
    </ClInclude>
    <ClInclude Include="src\Llama\MouseButtonCodes.h">
      <Filter>Llama</Filter>
    </ClInclude>
    <ClInclude Include="src\Llama\Window.h">
      <Filter>Llama</Filter>
    </ClInclude>
    <ClInclude Include="src\Platform\OpenGL\ImGuiOpenGLRenderer.h">
      <Filter>Platform\OpenGL</Filter>
    </ClInclude>
    <ClInclude Include="src\Platform\Windows\WindowsInput.h">
      <Filter>Platform\Windows</Filter>
    </ClInclude>
    <ClInclude Include="src\Platform\Windows\WindowsWindow.h">
      <Filter>Platform\Windows</Filter>
    </ClInclude>
    <ClInclude Include="src\llamapch.h" />
  </ItemGroup>
  <ItemGroup>
    <ClCompile Include="src\Llama\Application.cpp">
      <Filter>Llama</Filter>
    </ClCompile>
    <ClCompile Include="src\Llama\ImGui\ImGuiLayer.cpp">
      <Filter>Llama\ImGui</Filter>
    </ClCompile>
    <ClCompile Include="src\Llama\Layer.cpp">
      <Filter>Llama</Filter>
    </ClCompile>
    <ClCompile Include="src\Llama\LayerStack.cpp">
      <Filter>Llama</Filter>
    </ClCompile>
    <ClCompile Include="src\Llama\Log.cpp">
      <Filter>Llama</Filter>
    </ClCompile>
    <ClCompile Include="src\Platform\OpenGL\ImGuiOpenGLRenderer.cpp">
      <Filter>Platform\OpenGL</Filter>
    </ClCompile>
    <ClCompile Include="src\Platform\Windows\WindowsInput.cpp">
      <Filter>Platform\Windows</Filter>
    </ClCompile>
    <ClCompile Include="src\Platform\Windows\WindowsWindow.cpp">
      <Filter>Platform\Windows</Filter>
    </ClCompile>
    <ClCompile Include="src\llamapch.cpp" />
  </ItemGroup>
</Project>